
Microsoft Visual Studio Solution File, Format Version 12.00
# Visual Studio Version 16
VisualStudioVersion = 16.0.32126.315
MinimumVisualStudioVersion = 10.0.40219.1
Project("{FAE04EC0-301F-11D3-BF4B-00C04F79EFBC}") = "Reverse_number", "Reverse_number.csproj", "{70B310A8-001D-472B-8250-942629D1547E}"
EndProject
Global
	GlobalSection(SolutionConfigurationPlatforms) = preSolution
		Debug|Any CPU = Debug|Any CPU
		Release|Any CPU = Release|Any CPU
	EndGlobalSection
	GlobalSection(ProjectConfigurationPlatforms) = postSolution
		{70B310A8-001D-472B-8250-942629D1547E}.Debug|Any CPU.ActiveCfg = Debug|Any CPU
		{70B310A8-001D-472B-8250-942629D1547E}.Debug|Any CPU.Build.0 = Debug|Any CPU
		{70B310A8-001D-472B-8250-942629D1547E}.Release|Any CPU.ActiveCfg = Release|Any CPU
		{70B310A8-001D-472B-8250-942629D1547E}.Release|Any CPU.Build.0 = Release|Any CPU
	EndGlobalSection
	GlobalSection(SolutionProperties) = preSolution
		HideSolutionNode = FALSE
	EndGlobalSection
	GlobalSection(ExtensibilityGlobals) = postSolution
		SolutionGuid = {7CC13A5F-9F80-4D73-97B2-20979A1EC979}
	EndGlobalSection
EndGlobal
